
Microsoft Visual Studio Solution File, Format Version 12.00
# Visual Studio 15
VisualStudioVersion = 15.0.26124.0
MinimumVisualStudioVersion = 15.0.26124.0
Project("{FAE04EC0-301F-11D3-BF4B-00C04F79EFBC}") = "BookingApi", "BookingApi\BookingApi.csproj", "{46A593CD-8CC6-4842-B0E1-2A7F04CF3D18}"
EndProject
Project("{FAE04EC0-301F-11D3-BF4B-00C04F79EFBC}") = "IdentityServer", "IdentityServer\IdentityServer.csproj", "{2641EB89-F676-49E7-9C26-EC720F8DED3D}"
EndProject
Project("{FAE04EC0-301F-11D3-BF4B-00C04F79EFBC}") = "MvcClient", "MvcClient\MvcClient.csproj", "{844DD94E-9869-424C-A9B1-87A971C80A1E}"
EndProject
Global
	GlobalSection(SolutionConfigurationPlatforms) = preSolution
		Debug|Any CPU = Debug|Any CPU
		Debug|x64 = Debug|x64
		Debug|x86 = Debug|x86
		Release|Any CPU = Release|Any CPU
		Release|x64 = Release|x64
		Release|x86 = Release|x86
	EndGlobalSection
	GlobalSection(SolutionProperties) = preSolution
		HideSolutionNode = FALSE
	EndGlobalSection
	GlobalSection(ProjectConfigurationPlatforms) = postSolution
		{46A593CD-8CC6-4842-B0E1-2A7F04CF3D18}.Debug|Any CPU.ActiveCfg = Debug|Any CPU
		{46A593CD-8CC6-4842-B0E1-2A7F04CF3D18}.Debug|Any CPU.Build.0 = Debug|Any CPU
		{46A593CD-8CC6-4842-B0E1-2A7F04CF3D18}.Debug|x64.ActiveCfg = Debug|Any CPU
		{46A593CD-8CC6-4842-B0E1-2A7F04CF3D18}.Debug|x64.Build.0 = Debug|Any CPU
		{46A593CD-8CC6-4842-B0E1-2A7F04CF3D18}.Debug|x86.ActiveCfg = Debug|Any CPU
		{46A593CD-8CC6-4842-B0E1-2A7F04CF3D18}.Debug|x86.Build.0 = Debug|Any CPU
		{46A593CD-8CC6-4842-B0E1-2A7F04CF3D18}.Release|Any CPU.ActiveCfg = Release|Any CPU
		{46A593CD-8CC6-4842-B0E1-2A7F04CF3D18}.Release|Any CPU.Build.0 = Release|Any CPU
		{46A593CD-8CC6-4842-B0E1-2A7F04CF3D18}.Release|x64.ActiveCfg = Release|Any CPU
		{46A593CD-8CC6-4842-B0E1-2A7F04CF3D18}.Release|x64.Build.0 = Release|Any CPU
		{46A593CD-8CC6-4842-B0E1-2A7F04CF3D18}.Release|x86.ActiveCfg = Release|Any CPU
		{46A593CD-8CC6-4842-B0E1-2A7F04CF3D18}.Release|x86.Build.0 = Release|Any CPU
		{2641EB89-F676-49E7-9C26-EC720F8DED3D}.Debug|Any CPU.ActiveCfg = Debug|Any CPU
		{2641EB89-F676-49E7-9C26-EC720F8DED3D}.Debug|Any CPU.Build.0 = Debug|Any CPU
		{2641EB89-F676-49E7-9C26-EC720F8DED3D}.Debug|x64.ActiveCfg = Debug|Any CPU
		{2641EB89-F676-49E7-9C26-EC720F8DED3D}.Debug|x64.Build.0 = Debug|Any CPU
		{2641EB89-F676-49E7-9C26-EC720F8DED3D}.Debug|x86.ActiveCfg = Debug|Any CPU
		{2641EB89-F676-49E7-9C26-EC720F8DED3D}.Debug|x86.Build.0 = Debug|Any CPU
		{2641EB89-F676-49E7-9C26-EC720F8DED3D}.Release|Any CPU.ActiveCfg = Release|Any CPU
		{2641EB89-F676-49E7-9C26-EC720F8DED3D}.Release|Any CPU.Build.0 = Release|Any CPU
		{2641EB89-F676-49E7-9C26-EC720F8DED3D}.Release|x64.ActiveCfg = Release|Any CPU
		{2641EB89-F676-49E7-9C26-EC720F8DED3D}.Release|x64.Build.0 = Release|Any CPU
		{2641EB89-F676-49E7-9C26-EC720F8DED3D}.Release|x86.ActiveCfg = Release|Any CPU
		{2641EB89-F676-49E7-9C26-EC720F8DED3D}.Release|x86.Build.0 = Release|Any CPU
		{844DD94E-9869-424C-A9B1-87A971C80A1E}.Debug|Any CPU.ActiveCfg = Debug|Any CPU
		{844DD94E-9869-424C-A9B1-87A971C80A1E}.Debug|Any CPU.Build.0 = Debug|Any CPU
		{844DD94E-9869-424C-A9B1-87A971C80A1E}.Debug|x64.ActiveCfg = Debug|Any CPU
		{844DD94E-9869-424C-A9B1-87A971C80A1E}.Debug|x64.Build.0 = Debug|Any CPU
		{844DD94E-9869-424C-A9B1-87A971C80A1E}.Debug|x86.ActiveCfg = Debug|Any CPU
		{844DD94E-9869-424C-A9B1-87A971C80A1E}.Debug|x86.Build.0 = Debug|Any CPU
		{844DD94E-9869-424C-A9B1-87A971C80A1E}.Release|Any CPU.ActiveCfg = Release|Any CPU
		{844DD94E-9869-424C-A9B1-87A971C80A1E}.Release|Any CPU.Build.0 = Release|Any CPU
		{844DD94E-9869-424C-A9B1-87A971C80A1E}.Release|x64.ActiveCfg = Release|Any CPU
		{844DD94E-9869-424C-A9B1-87A971C80A1E}.Release|x64.Build.0 = Release|Any CPU
		{844DD94E-9869-424C-A9B1-87A971C80A1E}.Release|x86.ActiveCfg = Release|Any CPU
		{844DD94E-9869-424C-A9B1-87A971C80A1E}.Release|x86.Build.0 = Release|Any CPU
	EndGlobalSection
EndGlobal
